
Microsoft Visual Studio Solution File, Format Version 12.00
# Visual Studio 15
VisualStudioVersion = 15.0.27428.2015
MinimumVisualStudioVersion = 10.0.40219.1
Project("{9A19103F-16F7-4668-BE54-9A1E7A4F7556}") = "01-MatrixOfPalindromes", "01-MatrixOfPalindromes\01-MatrixOfPalindromes.csproj", "{D0A64B48-3C1E-45CB-AB1F-D33463F35DC8}"
EndProject
Project("{9A19103F-16F7-4668-BE54-9A1E7A4F7556}") = "02-DiagonalDifference", "02-DiagonalDifference\02-DiagonalDifference.csproj", "{E51B32CB-BD08-4BB9-B2AA-4AB9366B3F12}"
EndProject
Project("{9A19103F-16F7-4668-BE54-9A1E7A4F7556}") = "03-SquaresInMatrix", "03-SquaresInMatrix\03-SquaresInMatrix.csproj", "{B72FE5BC-F195-4F0E-AE23-C46F8D16752C}"
EndProject
Project("{9A19103F-16F7-4668-BE54-9A1E7A4F7556}") = "04-MaximalSum", "04-MaximalSum\04-MaximalSum.csproj", "{909D895C-0585-4755-A9EB-E82686126675}"
EndProject
Project("{9A19103F-16F7-4668-BE54-9A1E7A4F7556}") = "05-RubiksMatrix", "05-RubiksMatrix\05-RubiksMatrix.csproj", "{826691B7-045B-4DA9-9FE4-B93FD51659E0}"
EndProject
Project("{9A19103F-16F7-4668-BE54-9A1E7A4F7556}") = "06-TargetPractice", "06-TargetPractice\06-TargetPractice.csproj", "{690EEB98-3D5E-4EC8-93C7-E09E1BF1EBBA}"
EndProject
Project("{9A19103F-16F7-4668-BE54-9A1E7A4F7556}") = "07-LegoBlocks", "07-LegoBlocks\07-LegoBlocks.csproj", "{444B5D7B-B820-4E5E-854B-E4B08C525F59}"
EndProject
Project("{9A19103F-16F7-4668-BE54-9A1E7A4F7556}") = "08-RadioactiveBunnies", "08-RadioactiveBunnies\08-RadioactiveBunnies.csproj", "{6194A1FF-2E03-465A-AF25-B9BA842EE7E2}"
EndProject
Project("{9A19103F-16F7-4668-BE54-9A1E7A4F7556}") = "09-Crossfire", "09-Crossfire\09-Crossfire.csproj", "{ACD79A3E-6246-4B8C-B9CC-05460CD6689A}"
EndProject
Project("{9A19103F-16F7-4668-BE54-9A1E7A4F7556}") = "10-TheHeiganDance", "10-TheHeiganDance\10-TheHeiganDance.csproj", "{82C6FA1E-B04C-4508-A9C5-6AB80955845D}"
EndProject
Project("{FAE04EC0-301F-11D3-BF4B-00C04F79EFBC}") = "11-ParkingSystem", "11-ParkingSystem\11-ParkingSystem.csproj", "{88535E74-67AF-4451-89DB-6407B25DD4D3}"
EndProject
Project("{FAE04EC0-301F-11D3-BF4B-00C04F79EFBC}") = "12-StringMatrixRotation", "12-StringMatrixRotation\12-StringMatrixRotation.csproj", "{634D1E92-4E3F-4C1B-B8BD-23E9B19B271C}"
EndProject
Global
	GlobalSection(SolutionConfigurationPlatforms) = preSolution
		Debug|Any CPU = Debug|Any CPU
		Release|Any CPU = Release|Any CPU
	EndGlobalSection
	GlobalSection(ProjectConfigurationPlatforms) = postSolution
		{D0A64B48-3C1E-45CB-AB1F-D33463F35DC8}.Debug|Any CPU.ActiveCfg = Debug|Any CPU
		{D0A64B48-3C1E-45CB-AB1F-D33463F35DC8}.Debug|Any CPU.Build.0 = Debug|Any CPU
		{D0A64B48-3C1E-45CB-AB1F-D33463F35DC8}.Release|Any CPU.ActiveCfg = Release|Any CPU
		{D0A64B48-3C1E-45CB-AB1F-D33463F35DC8}.Release|Any CPU.Build.0 = Release|Any CPU
		{E51B32CB-BD08-4BB9-B2AA-4AB9366B3F12}.Debug|Any CPU.ActiveCfg = Debug|Any CPU
		{E51B32CB-BD08-4BB9-B2AA-4AB9366B3F12}.Debug|Any CPU.Build.0 = Debug|Any CPU
		{E51B32CB-BD08-4BB9-B2AA-4AB9366B3F12}.Release|Any CPU.ActiveCfg = Release|Any CPU
		{E51B32CB-BD08-4BB9-B2AA-4AB9366B3F12}.Release|Any CPU.Build.0 = Release|Any CPU
		{B72FE5BC-F195-4F0E-AE23-C46F8D16752C}.Debug|Any CPU.ActiveCfg = Debug|Any CPU
		{B72FE5BC-F195-4F0E-AE23-C46F8D16752C}.Debug|Any CPU.Build.0 = Debug|Any CPU
		{B72FE5BC-F195-4F0E-AE23-C46F8D16752C}.Release|Any CPU.ActiveCfg = Release|Any CPU
		{B72FE5BC-F195-4F0E-AE23-C46F8D16752C}.Release|Any CPU.Build.0 = Release|Any CPU
		{909D895C-0585-4755-A9EB-E82686126675}.Debug|Any CPU.ActiveCfg = Debug|Any CPU
		{909D895C-0585-4755-A9EB-E82686126675}.Debug|Any CPU.Build.0 = Debug|Any CPU
		{909D895C-0585-4755-A9EB-E82686126675}.Release|Any CPU.ActiveCfg = Release|Any CPU
		{909D895C-0585-4755-A9EB-E82686126675}.Release|Any CPU.Build.0 = Release|Any CPU
		{826691B7-045B-4DA9-9FE4-B93FD51659E0}.Debug|Any CPU.ActiveCfg = Debug|Any CPU
		{826691B7-045B-4DA9-9FE4-B93FD51659E0}.Debug|Any CPU.Build.0 = Debug|Any CPU
		{826691B7-045B-4DA9-9FE4-B93FD51659E0}.Release|Any CPU.ActiveCfg = Release|Any CPU
		{826691B7-045B-4DA9-9FE4-B93FD51659E0}.Release|Any CPU.Build.0 = Release|Any CPU
		{690EEB98-3D5E-4EC8-93C7-E09E1BF1EBBA}.Debug|Any CPU.ActiveCfg = Debug|Any CPU
		{690EEB98-3D5E-4EC8-93C7-E09E1BF1EBBA}.Debug|Any CPU.Build.0 = Debug|Any CPU
		{690EEB98-3D5E-4EC8-93C7-E09E1BF1EBBA}.Release|Any CPU.ActiveCfg = Release|Any CPU
		{690EEB98-3D5E-4EC8-93C7-E09E1BF1EBBA}.Release|Any CPU.Build.0 = Release|Any CPU
		{444B5D7B-B820-4E5E-854B-E4B08C525F59}.Debug|Any CPU.ActiveCfg = Debug|Any CPU
		{444B5D7B-B820-4E5E-854B-E4B08C525F59}.Debug|Any CPU.Build.0 = Debug|Any CPU
		{444B5D7B-B820-4E5E-854B-E4B08C525F59}.Release|Any CPU.ActiveCfg = Release|Any CPU
		{444B5D7B-B820-4E5E-854B-E4B08C525F59}.Release|Any CPU.Build.0 = Release|Any CPU
		{6194A1FF-2E03-465A-AF25-B9BA842EE7E2}.Debug|Any CPU.ActiveCfg = Debug|Any CPU
		{6194A1FF-2E03-465A-AF25-B9BA842EE7E2}.Debug|Any CPU.Build.0 = Debug|Any CPU
		{6194A1FF-2E03-465A-AF25-B9BA842EE7E2}.Release|Any CPU.ActiveCfg = Release|Any CPU
		{6194A1FF-2E03-465A-AF25-B9BA842EE7E2}.Release|Any CPU.Build.0 = Release|Any CPU
		{ACD79A3E-6246-4B8C-B9CC-05460CD6689A}.Debug|Any CPU.ActiveCfg = Debug|Any CPU
		{ACD79A3E-6246-4B8C-B9CC-05460CD6689A}.Debug|Any CPU.Build.0 = Debug|Any CPU
		{ACD79A3E-6246-4B8C-B9CC-05460CD6689A}.Release|Any CPU.ActiveCfg = Release|Any CPU
		{ACD79A3E-6246-4B8C-B9CC-05460CD6689A}.Release|Any CPU.Build.0 = Release|Any CPU
		{82C6FA1E-B04C-4508-A9C5-6AB80955845D}.Debug|Any CPU.ActiveCfg = Debug|Any CPU
		{82C6FA1E-B04C-4508-A9C5-6AB80955845D}.Debug|Any CPU.Build.0 = Debug|Any CPU
		{82C6FA1E-B04C-4508-A9C5-6AB80955845D}.Release|Any CPU.ActiveCfg = Release|Any CPU
		{82C6FA1E-B04C-4508-A9C5-6AB80955845D}.Release|Any CPU.Build.0 = Release|Any CPU
		{88535E74-67AF-4451-89DB-6407B25DD4D3}.Debug|Any CPU.ActiveCfg = Debug|Any CPU
		{88535E74-67AF-4451-89DB-6407B25DD4D3}.Debug|Any CPU.Build.0 = Debug|Any CPU
		{88535E74-67AF-4451-89DB-6407B25DD4D3}.Release|Any CPU.ActiveCfg = Release|Any CPU
		{88535E74-67AF-4451-89DB-6407B25DD4D3}.Release|Any CPU.Build.0 = Release|Any CPU
		{634D1E92-4E3F-4C1B-B8BD-23E9B19B271C}.Debug|Any CPU.ActiveCfg = Debug|Any CPU
		{634D1E92-4E3F-4C1B-B8BD-23E9B19B271C}.Debug|Any CPU.Build.0 = Debug|Any CPU
		{634D1E92-4E3F-4C1B-B8BD-23E9B19B271C}.Release|Any CPU.ActiveCfg = Release|Any CPU
		{634D1E92-4E3F-4C1B-B8BD-23E9B19B271C}.Release|Any CPU.Build.0 = Release|Any CPU
	EndGlobalSection
	GlobalSection(SolutionProperties) = preSolution
		HideSolutionNode = FALSE
	EndGlobalSection
	GlobalSection(ExtensibilityGlobals) = postSolution
		SolutionGuid = {1522AF2E-D463-46B3-AFA4-82731AB661EB}
	EndGlobalSection
EndGlobal
