
Microsoft Visual Studio Solution File, Format Version 12.00
# Visual Studio 15
VisualStudioVersion = 15.0.27428.2037
MinimumVisualStudioVersion = 10.0.40219.1
Project("{FAE04EC0-301F-11D3-BF4B-00C04F79EFBC}") = "01-SortEvenNumbers", "01-SortEvenNumbers\01-SortEvenNumbers.csproj", "{77E10884-DCDA-4DBA-BAC6-886C3CB25A99}"
EndProject
Project("{FAE04EC0-301F-11D3-BF4B-00C04F79EFBC}") = "02-SumNumbers", "02-SumNumbers\02-SumNumbers.csproj", "{4CF55663-2A85-4932-8266-5848F948D481}"
EndProject
Project("{FAE04EC0-301F-11D3-BF4B-00C04F79EFBC}") = "03-CountUppercaseWords", "03-CountUppercaseWords\03-CountUppercaseWords.csproj", "{8675EFEF-C34F-47FE-8123-5E0B89C42DF7}"
EndProject
Project("{FAE04EC0-301F-11D3-BF4B-00C04F79EFBC}") = "04-AddVAT", "04-AddVAT\04-AddVAT.csproj", "{9699BC95-B0CA-4AC1-A24D-5E58C437D17E}"
EndProject
Project("{FAE04EC0-301F-11D3-BF4B-00C04F79EFBC}") = "05-FilterByAge", "05-FilterByAge\05-FilterByAge.csproj", "{916A8055-DB56-400A-AE0E-3F8B08795908}"
EndProject
Global
	GlobalSection(SolutionConfigurationPlatforms) = preSolution
		Debug|Any CPU = Debug|Any CPU
		Release|Any CPU = Release|Any CPU
	EndGlobalSection
	GlobalSection(ProjectConfigurationPlatforms) = postSolution
		{77E10884-DCDA-4DBA-BAC6-886C3CB25A99}.Debug|Any CPU.ActiveCfg = Debug|Any CPU
		{77E10884-DCDA-4DBA-BAC6-886C3CB25A99}.Debug|Any CPU.Build.0 = Debug|Any CPU
		{77E10884-DCDA-4DBA-BAC6-886C3CB25A99}.Release|Any CPU.ActiveCfg = Release|Any CPU
		{77E10884-DCDA-4DBA-BAC6-886C3CB25A99}.Release|Any CPU.Build.0 = Release|Any CPU
		{4CF55663-2A85-4932-8266-5848F948D481}.Debug|Any CPU.ActiveCfg = Debug|Any CPU
		{4CF55663-2A85-4932-8266-5848F948D481}.Debug|Any CPU.Build.0 = Debug|Any CPU
		{4CF55663-2A85-4932-8266-5848F948D481}.Release|Any CPU.ActiveCfg = Release|Any CPU
		{4CF55663-2A85-4932-8266-5848F948D481}.Release|Any CPU.Build.0 = Release|Any CPU
		{8675EFEF-C34F-47FE-8123-5E0B89C42DF7}.Debug|Any CPU.ActiveCfg = Debug|Any CPU
		{8675EFEF-C34F-47FE-8123-5E0B89C42DF7}.Debug|Any CPU.Build.0 = Debug|Any CPU
		{8675EFEF-C34F-47FE-8123-5E0B89C42DF7}.Release|Any CPU.ActiveCfg = Release|Any CPU
		{8675EFEF-C34F-47FE-8123-5E0B89C42DF7}.Release|Any CPU.Build.0 = Release|Any CPU
		{9699BC95-B0CA-4AC1-A24D-5E58C437D17E}.Debug|Any CPU.ActiveCfg = Debug|Any CPU
		{9699BC95-B0CA-4AC1-A24D-5E58C437D17E}.Debug|Any CPU.Build.0 = Debug|Any CPU
		{9699BC95-B0CA-4AC1-A24D-5E58C437D17E}.Release|Any CPU.ActiveCfg = Release|Any CPU
		{9699BC95-B0CA-4AC1-A24D-5E58C437D17E}.Release|Any CPU.Build.0 = Release|Any CPU
		{916A8055-DB56-400A-AE0E-3F8B08795908}.Debug|Any CPU.ActiveCfg = Debug|Any CPU
		{916A8055-DB56-400A-AE0E-3F8B08795908}.Debug|Any CPU.Build.0 = Debug|Any CPU
		{916A8055-DB56-400A-AE0E-3F8B08795908}.Release|Any CPU.ActiveCfg = Release|Any CPU
		{916A8055-DB56-400A-AE0E-3F8B08795908}.Release|Any CPU.Build.0 = Release|Any CPU
	EndGlobalSection
	GlobalSection(SolutionProperties) = preSolution
		HideSolutionNode = FALSE
	EndGlobalSection
	GlobalSection(ExtensibilityGlobals) = postSolution
		SolutionGuid = {C4351A21-8F9D-499F-9013-2664A62D2F7F}
	EndGlobalSection
EndGlobal
